{"1.2.0",
[{<<"cowboy">>,{pkg,<<"cowboy">>,<<"2.8.0">>},0},
 {<<"cowlib">>,{pkg,<<"cowlib">>,<<"2.9.1">>},1},
 {<<"jsone">>,{pkg,<<"jsone">>,<<"1.5.2">>},0},
 {<<"ranch">>,{pkg,<<"ranch">>,<<"2.0.0-rc.2">>},0}]}.
[
{pkg_hash,[
 {<<"cowboy">>, <<"F3DC62E35797ECD9AC1B50DB74611193C29815401E53BAC9A5C0577BD7BC667D">>},
 {<<"cowlib">>, <<"61A6C7C50CF07FDD24B2F45B89500BB93B6686579B069A89F88CB211E1125C78">>},
 {<<"jsone">>, <<"87ADEA283C9CF24767B4DEED44602989A5331156DF5D60A2660E9C9114D54046">>},
 {<<"ranch">>, <<"48B4D36D1034B99724327C3BA12A76A0781A0792A8AA51F91DE3E541C2F3AA73">>}]},
{pkg_hash_ext,[
 {<<"cowboy">>, <<"4643E4FBA74AC96D4D152C75803DE6FAD0B3FA5DF354C71AFDD6CBEEB15FAC8A">>},
 {<<"cowlib">>, <<"E4175DC240A70D996156160891E1C62238EDE1729E45740BDD38064DAD476170">>},
 {<<"jsone">>, <<"170C171CE7F6DD70C858065154A3305B8564833C6DCCA17E10B676CA31EA976F">>},
 {<<"ranch">>, <<"C30B6712E75960E7BA000773AF4330076FF83DA915F08DB6486F5BBC00143B15">>}]}
].
