{"1.2.0",
[{<<"cowboy">>,{pkg,<<"cowboy">>,<<"2.7.0">>},0},
 {<<"cowlib">>,{pkg,<<"cowlib">>,<<"2.8.0">>},1},
 {<<"jsone">>,{pkg,<<"jsone">>,<<"1.5.2">>},0},
 {<<"ranch">>,{pkg,<<"ranch">>,<<"1.7.1">>},1}]}.
[
{pkg_hash,[
 {<<"cowboy">>, <<"91ED100138A764355F43316B1D23D7FF6BDB0DE4EA618CB5D8677C93A7A2F115">>},
 {<<"cowlib">>, <<"FD0FF1787DB84AC415B8211573E9A30A3EBE71B5CBFF7F720089972B2319C8A4">>},
 {<<"jsone">>, <<"87ADEA283C9CF24767B4DEED44602989A5331156DF5D60A2660E9C9114D54046">>},
 {<<"ranch">>, <<"6B1FAB51B49196860B733A49C07604465A47BDB78AA10C1C16A3D199F7F8C881">>}]},
{pkg_hash_ext,[
 {<<"cowboy">>, <<"04FD8C6A39EDC6AAA9C26123009200FC61F92A3A94F3178C527B70B767C6E605">>},
 {<<"cowlib">>, <<"79F954A7021B302186A950A32869DBC185523D99D3E44CE430CD1F3289F41ED4">>},
 {<<"jsone">>, <<"170C171CE7F6DD70C858065154A3305B8564833C6DCCA17E10B676CA31EA976F">>},
 {<<"ranch">>, <<"451D8527787DF716D99DC36162FCA05934915DB0B6141BBDAC2EA8D3C7AFC7D7">>}]}
].
